
Microsoft Visual Studio Solution File, Format Version 12.00
# Visual Studio Version 17
VisualStudioVersion = 17.13.35931.197
MinimumVisualStudioVersion = 10.0.40219.1
Project("{FAE04EC0-301F-11D3-BF4B-00C04F79EFBC}") = "OrdenCompra.API", "OrdenCompra.API\OrdenCompra.API.csproj", "{D680233A-40AC-47EE-81E1-F65CDE8177E6}"
EndProject
Project("{FAE04EC0-301F-11D3-BF4B-00C04F79EFBC}") = "OrdenCompra.Core", "OrdenCompra.Core\OrdenCompra.Core.csproj", "{DBB65309-8DD9-4DBC-99CA-9F4838D10FB4}"
EndProject
Project("{FAE04EC0-301F-11D3-BF4B-00C04F79EFBC}") = "OrdenCompra.Infraestructura", "OrdenCompra.Infraestructura\OrdenCompra.Infraestructura.csproj", "{7E578A56-34FE-4665-9C08-C2E7AED23172}"
EndProject
Project("{FAE04EC0-301F-11D3-BF4B-00C04F79EFBC}") = "OrdenCompra.Web", "OrdenCompra.Web\OrdenCompra.Web.csproj", "{E32AC78B-8276-47D4-9939-2943CD40CCC6}"
EndProject
Project("{FAE04EC0-301F-11D3-BF4B-00C04F79EFBC}") = "OrdenCompra.Tests", "OrdenCompra.Tests\OrdenCompra.Tests.csproj", "{87785E9D-1A5F-F1A5-AAF4-CE5D4336AABE}"
EndProject
Global
	GlobalSection(SolutionConfigurationPlatforms) = preSolution
		Debug|Any CPU = Debug|Any CPU
		Release|Any CPU = Release|Any CPU
	EndGlobalSection
	GlobalSection(ProjectConfigurationPlatforms) = postSolution
		{D680233A-40AC-47EE-81E1-F65CDE8177E6}.Debug|Any CPU.ActiveCfg = Debug|Any CPU
		{D680233A-40AC-47EE-81E1-F65CDE8177E6}.Debug|Any CPU.Build.0 = Debug|Any CPU
		{D680233A-40AC-47EE-81E1-F65CDE8177E6}.Release|Any CPU.ActiveCfg = Release|Any CPU
		{D680233A-40AC-47EE-81E1-F65CDE8177E6}.Release|Any CPU.Build.0 = Release|Any CPU
		{DBB65309-8DD9-4DBC-99CA-9F4838D10FB4}.Debug|Any CPU.ActiveCfg = Debug|Any CPU
		{DBB65309-8DD9-4DBC-99CA-9F4838D10FB4}.Debug|Any CPU.Build.0 = Debug|Any CPU
		{DBB65309-8DD9-4DBC-99CA-9F4838D10FB4}.Release|Any CPU.ActiveCfg = Release|Any CPU
		{DBB65309-8DD9-4DBC-99CA-9F4838D10FB4}.Release|Any CPU.Build.0 = Release|Any CPU
		{7E578A56-34FE-4665-9C08-C2E7AED23172}.Debug|Any CPU.ActiveCfg = Debug|Any CPU
		{7E578A56-34FE-4665-9C08-C2E7AED23172}.Debug|Any CPU.Build.0 = Debug|Any CPU
		{7E578A56-34FE-4665-9C08-C2E7AED23172}.Release|Any CPU.ActiveCfg = Release|Any CPU
		{7E578A56-34FE-4665-9C08-C2E7AED23172}.Release|Any CPU.Build.0 = Release|Any CPU
		{E32AC78B-8276-47D4-9939-2943CD40CCC6}.Debug|Any CPU.ActiveCfg = Debug|Any CPU
		{E32AC78B-8276-47D4-9939-2943CD40CCC6}.Debug|Any CPU.Build.0 = Debug|Any CPU
		{E32AC78B-8276-47D4-9939-2943CD40CCC6}.Release|Any CPU.ActiveCfg = Release|Any CPU
		{E32AC78B-8276-47D4-9939-2943CD40CCC6}.Release|Any CPU.Build.0 = Release|Any CPU
		{87785E9D-1A5F-F1A5-AAF4-CE5D4336AABE}.Debug|Any CPU.ActiveCfg = Debug|Any CPU
		{87785E9D-1A5F-F1A5-AAF4-CE5D4336AABE}.Debug|Any CPU.Build.0 = Debug|Any CPU
		{87785E9D-1A5F-F1A5-AAF4-CE5D4336AABE}.Release|Any CPU.ActiveCfg = Release|Any CPU
		{87785E9D-1A5F-F1A5-AAF4-CE5D4336AABE}.Release|Any CPU.Build.0 = Release|Any CPU
	EndGlobalSection
	GlobalSection(SolutionProperties) = preSolution
		HideSolutionNode = FALSE
	EndGlobalSection
	GlobalSection(ExtensibilityGlobals) = postSolution
		SolutionGuid = {797717CF-A296-4B5A-ABB9-339D20B7A585}
	EndGlobalSection
EndGlobal
